
Microsoft Visual Studio Solution File, Format Version 12.00
# Visual Studio Version 17
VisualStudioVersion = 17.14.36414.22 d17.14
MinimumVisualStudioVersion = 10.0.40219.1
Project("{FAE04EC0-301F-11D3-BF4B-00C04F79EFBC}") = "mini-RPG", "mini-RPG.csproj", "{B5DB3F4F-A826-4496-8441-BF5B91A3621C}"
EndProject
Global
	GlobalSection(SolutionConfigurationPlatforms) = preSolution
		Debug|Any CPU = Debug|Any CPU
		Release|Any CPU = Release|Any CPU
	EndGlobalSection
	GlobalSection(ProjectConfigurationPlatforms) = postSolution
		{B5DB3F4F-A826-4496-8441-BF5B91A3621C}.Debug|Any CPU.ActiveCfg = Debug|Any CPU
		{B5DB3F4F-A826-4496-8441-BF5B91A3621C}.Debug|Any CPU.Build.0 = Debug|Any CPU
		{B5DB3F4F-A826-4496-8441-BF5B91A3621C}.Release|Any CPU.ActiveCfg = Release|Any CPU
		{B5DB3F4F-A826-4496-8441-BF5B91A3621C}.Release|Any CPU.Build.0 = Release|Any CPU
	EndGlobalSection
	GlobalSection(SolutionProperties) = preSolution
		HideSolutionNode = FALSE
	EndGlobalSection
	GlobalSection(ExtensibilityGlobals) = postSolution
		SolutionGuid = {B276FE77-1C0F-470B-9F86-EE216E63A285}
	EndGlobalSection
EndGlobal
